
Microsoft Visual Studio Solution File, Format Version 12.00
# Visual Studio 15
Project("{FAE04EC0-301F-11D3-BF4B-00C04F79EFBC}") = "Assembly-CSharp-Editor", "Assembly-CSharp-Editor.csproj", "{37762665-F76B-9860-A17D-3DB7BB3DD008}"
EndProject
Project("{FAE04EC0-301F-11D3-BF4B-00C04F79EFBC}") = "Assembly-CSharp", "Assembly-CSharp.csproj", "{7822F3AA-EF2B-5C1A-A473-614A0F4BD0DF}"
EndProject
Project("{FAE04EC0-301F-11D3-BF4B-00C04F79EFBC}") = "Unity.XR.Interaction.Toolkit.Samples.Hands", "Unity.XR.Interaction.Toolkit.Samples.Hands.csproj", "{479FD0D0-CA1A-8AC0-56C9-2AB106D87AF1}"
EndProject
Project("{FAE04EC0-301F-11D3-BF4B-00C04F79EFBC}") = "Unity.XR.Interaction.Toolkit.Samples.StarterAssets", "Unity.XR.Interaction.Toolkit.Samples.StarterAssets.csproj", "{AD6CD7FA-D71A-B487-2FC0-AC47EE3E275F}"
EndProject
Project("{FAE04EC0-301F-11D3-BF4B-00C04F79EFBC}") = "Unity.XR.Interaction.Toolkit.Samples.StarterAssets.Editor", "Unity.XR.Interaction.Toolkit.Samples.StarterAssets.Editor.csproj", "{7E215F9D-9211-93B3-BAB4-7B6A4681208D}"
EndProject
Project("{FAE04EC0-301F-11D3-BF4B-00C04F79EFBC}") = "Unity.XR.Hands.Samples.VisualizerSample", "Unity.XR.Hands.Samples.VisualizerSample.csproj", "{FC8D6AA8-7035-29FE-E6ED-6449670AFCC2}"
EndProject
Project("{FAE04EC0-301F-11D3-BF4B-00C04F79EFBC}") = "Unity.XR.Interaction.Toolkit.Samples.Hands.Editor", "Unity.XR.Interaction.Toolkit.Samples.Hands.Editor.csproj", "{898B67FA-4AA5-7836-349F-9DCC41AF53AE}"
EndProject
Global
	GlobalSection(SolutionConfigurationPlatforms) = preSolution
		Debug|Any CPU = Debug|Any CPU
		Release|Any CPU = Release|Any CPU
	EndGlobalSection
	GlobalSection(ProjectConfigurationPlatforms) = postSolution
		{37762665-F76B-9860-A17D-3DB7BB3DD008}.Debug|Any CPU.ActiveCfg = Debug|Any CPU
		{37762665-F76B-9860-A17D-3DB7BB3DD008}.Debug|Any CPU.Build.0 = Debug|Any CPU
		{37762665-F76B-9860-A17D-3DB7BB3DD008}.Release|Any CPU.ActiveCfg = Release|Any CPU
		{37762665-F76B-9860-A17D-3DB7BB3DD008}.Release|Any CPU.Build.0 = Release|Any CPU
		{7822F3AA-EF2B-5C1A-A473-614A0F4BD0DF}.Debug|Any CPU.ActiveCfg = Debug|Any CPU
		{7822F3AA-EF2B-5C1A-A473-614A0F4BD0DF}.Debug|Any CPU.Build.0 = Debug|Any CPU
		{7822F3AA-EF2B-5C1A-A473-614A0F4BD0DF}.Release|Any CPU.ActiveCfg = Release|Any CPU
		{7822F3AA-EF2B-5C1A-A473-614A0F4BD0DF}.Release|Any CPU.Build.0 = Release|Any CPU
		{479FD0D0-CA1A-8AC0-56C9-2AB106D87AF1}.Debug|Any CPU.ActiveCfg = Debug|Any CPU
		{479FD0D0-CA1A-8AC0-56C9-2AB106D87AF1}.Debug|Any CPU.Build.0 = Debug|Any CPU
		{479FD0D0-CA1A-8AC0-56C9-2AB106D87AF1}.Release|Any CPU.ActiveCfg = Release|Any CPU
		{479FD0D0-CA1A-8AC0-56C9-2AB106D87AF1}.Release|Any CPU.Build.0 = Release|Any CPU
		{AD6CD7FA-D71A-B487-2FC0-AC47EE3E275F}.Debug|Any CPU.ActiveCfg = Debug|Any CPU
		{AD6CD7FA-D71A-B487-2FC0-AC47EE3E275F}.Debug|Any CPU.Build.0 = Debug|Any CPU
		{AD6CD7FA-D71A-B487-2FC0-AC47EE3E275F}.Release|Any CPU.ActiveCfg = Release|Any CPU
		{AD6CD7FA-D71A-B487-2FC0-AC47EE3E275F}.Release|Any CPU.Build.0 = Release|Any CPU
		{7E215F9D-9211-93B3-BAB4-7B6A4681208D}.Debug|Any CPU.ActiveCfg = Debug|Any CPU
		{7E215F9D-9211-93B3-BAB4-7B6A4681208D}.Debug|Any CPU.Build.0 = Debug|Any CPU
		{7E215F9D-9211-93B3-BAB4-7B6A4681208D}.Release|Any CPU.ActiveCfg = Release|Any CPU
		{7E215F9D-9211-93B3-BAB4-7B6A4681208D}.Release|Any CPU.Build.0 = Release|Any CPU
		{FC8D6AA8-7035-29FE-E6ED-6449670AFCC2}.Debug|Any CPU.ActiveCfg = Debug|Any CPU
		{FC8D6AA8-7035-29FE-E6ED-6449670AFCC2}.Debug|Any CPU.Build.0 = Debug|Any CPU
		{FC8D6AA8-7035-29FE-E6ED-6449670AFCC2}.Release|Any CPU.ActiveCfg = Release|Any CPU
		{FC8D6AA8-7035-29FE-E6ED-6449670AFCC2}.Release|Any CPU.Build.0 = Release|Any CPU
		{898B67FA-4AA5-7836-349F-9DCC41AF53AE}.Debug|Any CPU.ActiveCfg = Debug|Any CPU
		{898B67FA-4AA5-7836-349F-9DCC41AF53AE}.Debug|Any CPU.Build.0 = Debug|Any CPU
		{898B67FA-4AA5-7836-349F-9DCC41AF53AE}.Release|Any CPU.ActiveCfg = Release|Any CPU
		{898B67FA-4AA5-7836-349F-9DCC41AF53AE}.Release|Any CPU.Build.0 = Release|Any CPU
	EndGlobalSection
	GlobalSection(SolutionProperties) = preSolution
		HideSolutionNode = FALSE
	EndGlobalSection
EndGlobal
